dependencies:
- name: spark-operator
  repository: https://googlecloudplatform.github.io/spark-on-k8s-operator
  version: 1.1.27
- name: ingress-nginx
  repository: https://kubernetes.github.io/ingress-nginx
  version: 4.6.0
- name: cert-manager
  repository: https://charts.jetstack.io
  version: v1.11.1
digest: sha256:80adfebb07bac12d8a9b4443425f7da61241d60a9aa7ed476d7545b23a17cf3e
generated: "2023-04-21T16:07:32.96747-03:00"
