dependencies:
- name: spark-operator
  repository: https://googlecloudplatform.github.io/spark-on-k8s-operator
  version: 1.1.27
- name: ingress-nginx
  repository: https://kubernetes.github.io/ingress-nginx
  version: 4.7.0
- name: cert-manager
  repository: https://charts.jetstack.io
  version: v1.12.2
digest: sha256:e50358e934b3c198158e6bc448b7ea6f840c41722acdaf068a65ee6336c590d7
generated: "2023-06-21T10:48:58.514742-03:00"
