dependencies:
- name: spark-operator
  repository: https://qualytics.github.io/spark-operator
  version: 1.2.0
- name: ingress-nginx
  repository: https://kubernetes.github.io/ingress-nginx
  version: 4.10.0
- name: cert-manager
  repository: https://charts.jetstack.io
  version: v1.14.4
digest: sha256:c05fff24a495df0b9d87cc722c1f306acb205616456d54dad143331786360234
generated: "2024-03-22T15:44:31.952635-04:00"
